
Microsoft Visual Studio Solution File, Format Version 12.00
# Visual Studio 2013
VisualStudioVersion = 12.0.31101.0
MinimumVisualStudioVersion = 10.0.40219.1
Project("{FAE04EC0-301F-11D3-BF4B-00C04F79EFBC}") = "NAT_Test_3.5_Unity", "NAT_Test_3.5_Unity.csproj", "{6E331A78-AD5B-484E-B965-5A901495616A}"
EndProject
Project("{FAE04EC0-301F-11D3-BF4B-00C04F79EFBC}") = "SampleClient_3.5_Unity", "Sample\SampleClient\SampleClient_3.5_Unity.csproj", "{F70018D9-BB73-4563-9858-4DBFC97BA21A}"
EndProject
Project("{FAE04EC0-301F-11D3-BF4B-00C04F79EFBC}") = "SampleCommon_3.5_Unity", "Sample\SampleCommon\SampleCommon_3.5_Unity.csproj", "{7D64A86F-1075-4B27-ACD3-740D42003A8E}"
EndProject
Project("{FAE04EC0-301F-11D3-BF4B-00C04F79EFBC}") = "SampleMainServer_3.5_Unity", "Sample\SampleMainServer\SampleMainServer_3.5_Unity.csproj", "{618D48DD-63E5-4E74-A561-81D9D6A9CEDF}"
EndProject
Project("{FAE04EC0-301F-11D3-BF4B-00C04F79EFBC}") = "SampleSubServer_3.5_Unity", "Sample\SampleSubServer\SampleSubServer_3.5_Unity.csproj", "{2DEC697C-528B-4C66-9FC1-6D2B52BDF5EE}"
EndProject
Global
	GlobalSection(SolutionConfigurationPlatforms) = preSolution
		Debug|Any CPU = Debug|Any CPU
		Release|Any CPU = Release|Any CPU
	EndGlobalSection
	GlobalSection(ProjectConfigurationPlatforms) = postSolution
		{6E331A78-AD5B-484E-B965-5A901495616A}.Debug|Any CPU.ActiveCfg = Debug|Any CPU
		{6E331A78-AD5B-484E-B965-5A901495616A}.Debug|Any CPU.Build.0 = Debug|Any CPU
		{6E331A78-AD5B-484E-B965-5A901495616A}.Release|Any CPU.ActiveCfg = Release|Any CPU
		{6E331A78-AD5B-484E-B965-5A901495616A}.Release|Any CPU.Build.0 = Release|Any CPU
		{F70018D9-BB73-4563-9858-4DBFC97BA21A}.Debug|Any CPU.ActiveCfg = Debug|Any CPU
		{F70018D9-BB73-4563-9858-4DBFC97BA21A}.Debug|Any CPU.Build.0 = Debug|Any CPU
		{F70018D9-BB73-4563-9858-4DBFC97BA21A}.Release|Any CPU.ActiveCfg = Release|Any CPU
		{F70018D9-BB73-4563-9858-4DBFC97BA21A}.Release|Any CPU.Build.0 = Release|Any CPU
		{7D64A86F-1075-4B27-ACD3-740D42003A8E}.Debug|Any CPU.ActiveCfg = Debug|Any CPU
		{7D64A86F-1075-4B27-ACD3-740D42003A8E}.Debug|Any CPU.Build.0 = Debug|Any CPU
		{7D64A86F-1075-4B27-ACD3-740D42003A8E}.Release|Any CPU.ActiveCfg = Release|Any CPU
		{7D64A86F-1075-4B27-ACD3-740D42003A8E}.Release|Any CPU.Build.0 = Release|Any CPU
		{618D48DD-63E5-4E74-A561-81D9D6A9CEDF}.Debug|Any CPU.ActiveCfg = Debug|Any CPU
		{618D48DD-63E5-4E74-A561-81D9D6A9CEDF}.Debug|Any CPU.Build.0 = Debug|Any CPU
		{618D48DD-63E5-4E74-A561-81D9D6A9CEDF}.Release|Any CPU.ActiveCfg = Release|Any CPU
		{618D48DD-63E5-4E74-A561-81D9D6A9CEDF}.Release|Any CPU.Build.0 = Release|Any CPU
		{2DEC697C-528B-4C66-9FC1-6D2B52BDF5EE}.Debug|Any CPU.ActiveCfg = Debug|Any CPU
		{2DEC697C-528B-4C66-9FC1-6D2B52BDF5EE}.Debug|Any CPU.Build.0 = Debug|Any CPU
		{2DEC697C-528B-4C66-9FC1-6D2B52BDF5EE}.Release|Any CPU.ActiveCfg = Release|Any CPU
		{2DEC697C-528B-4C66-9FC1-6D2B52BDF5EE}.Release|Any CPU.Build.0 = Release|Any CPU
	EndGlobalSection
	GlobalSection(SolutionProperties) = preSolution
		HideSolutionNode = FALSE
	EndGlobalSection
EndGlobal
